// !$*UTF8*$!
{
	archiveVersion = 1;
	classes = {
	};
	objectVersion = 56;
	objects = {

/* Begin PBXBuildFile section */
		EB413B962AF473A3005AB97C /* war_challengeApp.swift in Sources */ = {isa = PBXBuildFile; fileRef = EB413B952AF473A3005AB97C /* war_challengeApp.swift */; };
		EB413B982AF473A3005AB97C /* ContentView.swift in Sources */ = {isa = PBXBuildFile; fileRef = EB413B972AF473A3005AB97C /* ContentView.swift */; };
		EB413B9A2AF473A5005AB97C /* Assets.xcassets in Resources */ = {isa = PBXBuildFile; fileRef = EB413B992AF473A5005AB97C /* Assets.xcassets */; };
		EB413B9D2AF473A5005AB97C /* Preview Assets.xcassets in Resources */ = {isa = PBXBuildFile; fileRef = EB413B9C2AF473A5005AB97C /* Preview Assets.xcassets */; };
		EB413BA72AF473A5005AB97C /* war_challengeTests.swift in Sources */ = {isa = PBXBuildFile; fileRef = EB413BA62AF473A5005AB97C /* war_challengeTests.swift */; };
		EB413BB12AF473A5005AB97C /* war_challengeUITests.swift in Sources */ = {isa = PBXBuildFile; fileRef = EB413BB02AF473A5005AB97C /* war_challengeUITests.swift */; };
		EB413BB32AF473A5005AB97C /* war_challengeUITestsLaunchTests.swift in Sources */ = {isa = PBXBuildFile; fileRef = EB413BB22AF473A5005AB97C /* war_challengeUITestsLaunchTests.swift */; };
/* End PBXBuildFile section */

/* Begin PBXContainerItemProxy section */
		EB413BA32AF473A5005AB97C /* PBXContainerItemProxy */ = {
			isa = PBXContainerItemProxy;
			containerPortal = EB413B8A2AF473A3005AB97C /* Project object */;
			proxyType = 1;
			remoteGlobalIDString = EB413B912AF473A3005AB97C;
			remoteInfo = "war challenge";
		};
		EB413BAD2AF473A5005AB97C /* PBXContainerItemProxy */ = {
			isa = PBXContainerItemProxy;
			containerPortal = EB413B8A2AF473A3005AB97C /* Project object */;
			proxyType = 1;
			remoteGlobalIDString = EB413B912AF473A3005AB97C;
			remoteInfo = "war challenge";
		};
/* End PBXContainerItemProxy section */

/* Begin PBXFileReference section */
		EB413B922AF473A3005AB97C /* war challenge.app */ = {isa = PBXFileReference; explicitFileType = wrapper.application; includeInIndex = 0; path = "war challenge.app"; sourceTree = BUILT_PRODUCTS_DIR; };
		EB413B952AF473A3005AB97C /* war_challengeApp.swift */ = {isa = PBXFileReference; lastKnownFileType = sourcecode.swift; path = war_challengeApp.swift; sourceTree = "<group>"; };
		EB413B972AF473A3005AB97C /* ContentView.swift */ = {isa = PBXFileReference; lastKnownFileType = sourcecode.swift; path = ContentView.swift; sourceTree = "<group>"; };
		EB413B992AF473A5005AB97C /* Assets.xcassets */ = {isa = PBXFileReference; lastKnownFileType = folder.assetcatalog; path = Assets.xcassets; sourceTree = "<group>"; };
		EB413B9C2AF473A5005AB97C /* Preview Assets.xcassets */ = {isa = PBXFileReference; lastKnownFileType = folder.assetcatalog; path = "Preview Assets.xcassets"; sourceTree = "<group>"; };
		EB413BA22AF473A5005AB97C /* war challengeTests.xctest */ = {isa = PBXFileReference; explicitFileType = wrapper.cfbundle; includeInIndex = 0; path = "war challengeTests.xctest"; sourceTree = BUILT_PRODUCTS_DIR; };
		EB413BA62AF473A5005AB97C /* war_challengeTests.swift */ = {isa = PBXFileReference; lastKnownFileType = sourcecode.swift; path = war_challengeTests.swift; sourceTree = "<group>"; };
		EB413BAC2AF473A5005AB97C /* war challengeUITests.xctest */ = {isa = PBXFileReference; explicitFileType = wrapper.cfbundle; includeInIndex = 0; path = "war challengeUITests.xctest"; sourceTree = BUILT_PRODUCTS_DIR; };
		EB413BB02AF473A5005AB97C /* war_challengeUITests.swift */ = {isa = PBXFileReference; lastKnownFileType = sourcecode.swift; path = war_challengeUITests.swift; sourceTree = "<group>"; };
		EB413BB22AF473A5005AB97C /* war_challengeUITestsLaunchTests.swift */ = {isa = PBXFileReference; lastKnownFileType = sourcecode.swift; path = war_challengeUITestsLaunchTests.swift; sourceTree = "<group>"; };
/* End PBXFileReference section */

/* Begin PBXFrameworksBuildPhase section */
		EB413B8F2AF473A3005AB97C /* Frameworks */ = {
			isa = PBXFrameworksBuildPhase;
			buildActionMask = 2147483647;
			files = (
			);
			runOnlyForDeploymentPostprocessing = 0;
		};
		EB413B9F2AF473A5005AB97C /* Frameworks */ = {
			isa = PBXFrameworksBuildPhase;
			buildActionMask = 2147483647;
			files = (
			);
			runOnlyForDeploymentPostprocessing = 0;
		};
		EB413BA92AF473A5005AB97C /* Frameworks */ = {
			isa = PBXFrameworksBuildPhase;
			buildActionMask = 2147483647;
			files = (
			);
			runOnlyForDeploymentPostprocessing = 0;
		};
/* End PBXFrameworksBuildPhase section */

/* Begin PBXGroup section */
		EB413B892AF473A3005AB97C = {
			isa = PBXGroup;
			children = (
				EB413B942AF473A3005AB97C /* war challenge */,
				EB413BA52AF473A5005AB97C /* war challengeTests */,
				EB413BAF2AF473A5005AB97C /* war challengeUITests */,
				EB413B932AF473A3005AB97C /* Products */,
			);
			sourceTree = "<group>";
		};
		EB413B932AF473A3005AB97C /* Products */ = {
			isa = PBXGroup;
			children = (
				EB413B922AF473A3005AB97C /* war challenge.app */,
				EB413BA22AF473A5005AB97C /* war challengeTests.xctest */,
				EB413BAC2AF473A5005AB97C /* war challengeUITests.xctest */,
			);
			name = Products;
			sourceTree = "<group>";
		};
		EB413B942AF473A3005AB97C /* war challenge */ = {
			isa = PBXGroup;
			children = (
				EB413B952AF473A3005AB97C /* war_challengeApp.swift */,
				EB413B972AF473A3005AB97C /* ContentView.swift */,
				EB413B992AF473A5005AB97C /* Assets.xcassets */,
				EB413B9B2AF473A5005AB97C /* Preview Content */,
			);
			path = "war challenge";
			sourceTree = "<group>";
		};
		EB413B9B2AF473A5005AB97C /* Preview Content */ = {
			isa = PBXGroup;
			children = (
				EB413B9C2AF473A5005AB97C /* Preview Assets.xcassets */,
			);
			path = "Preview Content";
			sourceTree = "<group>";
		};
		EB413BA52AF473A5005AB97C /* war challengeTests */ = {
			isa = PBXGroup;
			children = (
				EB413BA62AF473A5005AB97C /* war_challengeTests.swift */,
			);
			path = "war challengeTests";
			sourceTree = "<group>";
		};
		EB413BAF2AF473A5005AB97C /* war challengeUITests */ = {
			isa = PBXGroup;
			children = (
				EB413BB02AF473A5005AB97C /* war_challengeUITests.swift */,
				EB413BB22AF473A5005AB97C /* war_challengeUITestsLaunchTests.swift */,
			);
			path = "war challengeUITests";
			sourceTree = "<group>";
		};
/* End PBXGroup section */

/* Begin PBXNativeTarget section */
		EB413B912AF473A3005AB97C /* war challenge */ = {
			isa = PBXNativeTarget;
			buildConfigurationList = EB413BB62AF473A5005AB97C /* Build configuration list for PBXNativeTarget "war challenge" */;
			buildPhases = (
				EB413B8E2AF473A3005AB97C /* Sources */,
				EB413B8F2AF473A3005AB97C /* Frameworks */,
				EB413B902AF473A3005AB97C /* Resources */,
			);
			buildRules = (
			);
			dependencies = (
			);
			name = "war challenge";
			productName = "war challenge";
			productReference = EB413B922AF473A3005AB97C /* war challenge.app */;
			productType = "com.apple.product-type.application";
		};
		EB413BA12AF473A5005AB97C /* war challengeTests */ = {
			isa = PBXNativeTarget;
			buildConfigurationList = EB413BB92AF473A5005AB97C /* Build configuration list for PBXNativeTarget "war challengeTests" */;
			buildPhases = (
				EB413B9E2AF473A5005AB97C /* Sources */,
				EB413B9F2AF473A5005AB97C /* Frameworks */,
				EB413BA02AF473A5005AB97C /* Resources */,
			);
			buildRules = (
			);
			dependencies = (
				EB413BA42AF473A5005AB97C /* PBXTargetDependency */,
			);
			name = "war challengeTests";
			productName = "war challengeTests";
			productReference = EB413BA22AF473A5005AB97C /* war challengeTests.xctest */;
			productType = "com.apple.product-type.bundle.unit-test";
		};
		EB413BAB2AF473A5005AB97C /* war challengeUITests */ = {
			isa = PBXNativeTarget;
			buildConfigurationList = EB413BBC2AF473A5005AB97C /* Build configuration list for PBXNativeTarget "war challengeUITests" */;
			buildPhases = (
				EB413BA82AF473A5005AB97C /* Sources */,
				EB413BA92AF473A5005AB97C /* Frameworks */,
				EB413BAA2AF473A5005AB97C /* Resources */,
			);
			buildRules = (
			);
			dependencies = (
				EB413BAE2AF473A5005AB97C /* PBXTargetDependency */,
			);
			name = "war challengeUITests";
			productName = "war challengeUITests";
			productReference = EB413BAC2AF473A5005AB97C /* war challengeUITests.xctest */;
			productType = "com.apple.product-type.bundle.ui-testing";
		};
/* End PBXNativeTarget section */

/* Begin PBXProject section */
		EB413B8A2AF473A3005AB97C /* Project object */ = {
			isa = PBXProject;
			attributes = {
				BuildIndependentTargetsInParallel = 1;
				LastSwiftUpdateCheck = 1420;
				LastUpgradeCheck = 1420;
				TargetAttributes = {
					EB413B912AF473A3005AB97C = {
						CreatedOnToolsVersion = 14.2;
					};
					EB413BA12AF473A5005AB97C = {
						CreatedOnToolsVersion = 14.2;
						TestTargetID = EB413B912AF473A3005AB97C;
					};
					EB413BAB2AF473A5005AB97C = {
						CreatedOnToolsVersion = 14.2;
						TestTargetID = EB413B912AF473A3005AB97C;
					};
				};
			};
			buildConfigurationList = EB413B8D2AF473A3005AB97C /* Build configuration list for PBXProject "war challenge" */;
			compatibilityVersion = "Xcode 14.0";
			developmentRegion = en;
			hasScannedForEncodings = 0;
			knownRegions = (
				en,
				Base,
			);
			mainGroup = EB413B892AF473A3005AB97C;
			productRefGroup = EB413B932AF473A3005AB97C /* Products */;
			projectDirPath = "";
			projectRoot = "";
			targets = (
				EB413B912AF473A3005AB97C /* war challenge */,
				EB413BA12AF473A5005AB97C /* war challengeTests */,
				EB413BAB2AF473A5005AB97C /* war challengeUITests */,
			);
		};
/* End PBXProject section */

/* Begin PBXResourcesBuildPhase section */
		EB413B902AF473A3005AB97C /* Resources */ = {
			isa = PBXResourcesBuildPhase;
			buildActionMask = 2147483647;
			files = (
				EB413B9D2AF473A5005AB97C /* Preview Assets.xcassets in Resources */,
				EB413B9A2AF473A5005AB97C /* Assets.xcassets in Resources */,
			);
			runOnlyForDeploymentPostprocessing = 0;
		};
		EB413BA02AF473A5005AB97C /* Resources */ = {
			isa = PBXResourcesBuildPhase;
			buildActionMask = 2147483647;
			files = (
			);
			runOnlyForDeploymentPostprocessing = 0;
		};
		EB413BAA2AF473A5005AB97C /* Resources */ = {
			isa = PBXResourcesBuildPhase;
			buildActionMask = 2147483647;
			files = (
			);
			runOnlyForDeploymentPostprocessing = 0;
		};
/* End PBXResourcesBuildPhase section */

/* Begin PBXSourcesBuildPhase section */
		EB413B8E2AF473A3005AB97C /* Sources */ = {
			isa = PBXSourcesBuildPhase;
			buildActionMask = 2147483647;
			files = (
				EB413B982AF473A3005AB97C /* ContentView.swift in Sources */,
				EB413B962AF473A3005AB97C /* war_challengeApp.swift in Sources */,
			);
			runOnlyForDeploymentPostprocessing = 0;
		};
		EB413B9E2AF473A5005AB97C /* Sources */ = {
			isa = PBXSourcesBuildPhase;
			buildActionMask = 2147483647;
			files = (
				EB413BA72AF473A5005AB97C /* war_challengeTests.swift in Sources */,
			);
			runOnlyForDeploymentPostprocessing = 0;
		};
		EB413BA82AF473A5005AB97C /* Sources */ = {
			isa = PBXSourcesBuildPhase;
			buildActionMask = 2147483647;
			files = (
				EB413BB12AF473A5005AB97C /* war_challengeUITests.swift in Sources */,
				EB413BB32AF473A5005AB97C /* war_challengeUITestsLaunchTests.swift in Sources */,
			);
			runOnlyForDeploymentPostprocessing = 0;
		};
/* End PBXSourcesBuildPhase section */

/* Begin PBXTargetDependency section */
		EB413BA42AF473A5005AB97C /* PBXTargetDependency */ = {
			isa = PBXTargetDependency;
			target = EB413B912AF473A3005AB97C /* war challenge */;
			targetProxy = EB413BA32AF473A5005AB97C /* PBXContainerItemProxy */;
		};
		EB413BAE2AF473A5005AB97C /* PBXTargetDependency */ = {
			isa = PBXTargetDependency;
			target = EB413B912AF473A3005AB97C /* war challenge */;
			targetProxy = EB413BAD2AF473A5005AB97C /* PBXContainerItemProxy */;
		};
/* End PBXTargetDependency section */

/* Begin XCBuildConfiguration section */
		EB413BB42AF473A5005AB97C /* Debug */ = {
			isa = XCBuildConfiguration;
			buildSettings = {
				ALWAYS_SEARCH_USER_PATHS = NO;
				CLANG_ANALYZER_NONNULL = YES;
				CLANG_ANALYZER_NUMBER_OBJECT_CONVERSION = YES_AGGRESSIVE;
				CLANG_CXX_LANGUAGE_STANDARD = "gnu++20";
				CLANG_ENABLE_MODULES = YES;
				CLANG_ENABLE_OBJC_ARC = YES;
				CLANG_ENABLE_OBJC_WEAK = YES;
				CLANG_WARN_BLOCK_CAPTURE_AUTORELEASING = YES;
				CLANG_WARN_BOOL_CONVERSION = YES;
				CLANG_WARN_COMMA = YES;
				CLANG_WARN_CONSTANT_CONVERSION = YES;
				CLANG_WARN_DEPRECATED_OBJC_IMPLEMENTATIONS = YES;
				CLANG_WARN_DIRECT_OBJC_ISA_USAGE = YES_ERROR;
				CLANG_WARN_DOCUMENTATION_COMMENTS = YES;
				CLANG_WARN_EMPTY_BODY = YES;
				CLANG_WARN_ENUM_CONVERSION = YES;
				CLANG_WARN_INFINITE_RECURSION = YES;
				CLANG_WARN_INT_CONVERSION = YES;
				CLANG_WARN_NON_LITERAL_NULL_CONVERSION = YES;
				CLANG_WARN_OBJC_IMPLICIT_RETAIN_SELF = YES;
				CLANG_WARN_OBJC_LITERAL_CONVERSION = YES;
				CLANG_WARN_OBJC_ROOT_CLASS = YES_ERROR;
				CLANG_WARN_QUOTED_INCLUDE_IN_FRAMEWORK_HEADER = YES;
				CLANG_WARN_RANGE_LOOP_ANALYSIS = YES;
				CLANG_WARN_STRICT_PROTOTYPES = YES;
				CLANG_WARN_SUSPICIOUS_MOVE = YES;
				CLANG_WARN_UNGUARDED_AVAILABILITY = YES_AGGRESSIVE;
				CLANG_WARN_UNREACHABLE_CODE = YES;
				CLANG_WARN__DUPLICATE_METHOD_MATCH = YES;
				COPY_PHASE_STRIP = NO;
				DEBUG_INFORMATION_FORMAT = dwarf;
				ENABLE_STRICT_OBJC_MSGSEND = YES;
				ENABLE_TESTABILITY = YES;
				GCC_C_LANGUAGE_STANDARD = gnu11;
				GCC_DYNAMIC_NO_PIC = NO;
				GCC_NO_COMMON_BLOCKS = YES;
				GCC_OPTIMIZATION_LEVEL = 0;
				GCC_PREPROCESSOR_DEFINITIONS = (
					"DEBUG=1",
					"$(inherited)",
				);
				GCC_WARN_64_TO_32_BIT_CONVERSION = YES;
				GCC_WARN_ABOUT_RETURN_TYPE = YES_ERROR;
				GCC_WARN_UNDECLARED_SELECTOR = YES;
				GCC_WARN_UNINITIALIZED_AUTOS = YES_AGGRESSIVE;
				GCC_WARN_UNUSED_FUNCTION = YES;
				GCC_WARN_UNUSED_VARIABLE = YES;
				IPHONEOS_DEPLOYMENT_TARGET = 16.2;
				MTL_ENABLE_DEBUG_INFO = INCLUDE_SOURCE;
				MTL_FAST_MATH = YES;
				ONLY_ACTIVE_ARCH = YES;
				SDKROOT = iphoneos;
				SWIFT_ACTIVE_COMPILATION_CONDITIONS = DEBUG;
				SWIFT_OPTIMIZATION_LEVEL = "-Onone";
			};
			name = Debug;
		};
		EB413BB52AF473A5005AB97C /* Release */ = {
			isa = XCBuildConfiguration;
			buildSettings = {
				ALWAYS_SEARCH_USER_PATHS = NO;
				CLANG_ANALYZER_NONNULL = YES;
				CLANG_ANALYZER_NUMBER_OBJECT_CONVERSION = YES_AGGRESSIVE;
				CLANG_CXX_LANGUAGE_STANDARD = "gnu++20";
				CLANG_ENABLE_MODULES = YES;
				CLANG_ENABLE_OBJC_ARC = YES;
				CLANG_ENABLE_OBJC_WEAK = YES;
				CLANG_WARN_BLOCK_CAPTURE_AUTORELEASING = YES;
				CLANG_WARN_BOOL_CONVERSION = YES;
				CLANG_WARN_COMMA = YES;
				CLANG_WARN_CONSTANT_CONVERSION = YES;
				CLANG_WARN_DEPRECATED_OBJC_IMPLEMENTATIONS = YES;
				CLANG_WARN_DIRECT_OBJC_ISA_USAGE = YES_ERROR;
				CLANG_WARN_DOCUMENTATION_COMMENTS = YES;
				CLANG_WARN_EMPTY_BODY = YES;
				CLANG_WARN_ENUM_CONVERSION = YES;
				CLANG_WARN_INFINITE_RECURSION = YES;
				CLANG_WARN_INT_CONVERSION = YES;
				CLANG_WARN_NON_LITERAL_NULL_CONVERSION = YES;
				CLANG_WARN_OBJC_IMPLICIT_RETAIN_SELF = YES;
				CLANG_WARN_OBJC_LITERAL_CONVERSION = YES;
				CLANG_WARN_OBJC_ROOT_CLASS = YES_ERROR;
				CLANG_WARN_QUOTED_INCLUDE_IN_FRAMEWORK_HEADER = YES;
				CLANG_WARN_RANGE_LOOP_ANALYSIS = YES;
				CLANG_WARN_STRICT_PROTOTYPES = YES;
				CLANG_WARN_SUSPICIOUS_MOVE = YES;
				CLANG_WARN_UNGUARDED_AVAILABILITY = YES_AGGRESSIVE;
				CLANG_WARN_UNREACHABLE_CODE = YES;
				CLANG_WARN__DUPLICATE_METHOD_MATCH = YES;
				COPY_PHASE_STRIP = NO;
				DEBUG_INFORMATION_FORMAT = "dwarf-with-dsym";
				ENABLE_NS_ASSERTIONS = NO;
				ENABLE_STRICT_OBJC_MSGSEND = YES;
				GCC_C_LANGUAGE_STANDARD = gnu11;
				GCC_NO_COMMON_BLOCKS = YES;
				GCC_WARN_64_TO_32_BIT_CONVERSION = YES;
				GCC_WARN_ABOUT_RETURN_TYPE = YES_ERROR;
				GCC_WARN_UNDECLARED_SELECTOR = YES;
				GCC_WARN_UNINITIALIZED_AUTOS = YES_AGGRESSIVE;
				GCC_WARN_UNUSED_FUNCTION = YES;
				GCC_WARN_UNUSED_VARIABLE = YES;
				IPHONEOS_DEPLOYMENT_TARGET = 16.2;
				MTL_ENABLE_DEBUG_INFO = NO;
				MTL_FAST_MATH = YES;
				SDKROOT = iphoneos;
				SWIFT_COMPILATION_MODE = wholemodule;
				SWIFT_OPTIMIZATION_LEVEL = "-O";
				VALIDATE_PRODUCT = YES;
			};
			name = Release;
		};
		EB413BB72AF473A5005AB97C /* Debug */ = {
			isa = XCBuildConfiguration;
			buildSettings = {
				ASSETCATALOG_COMPILER_APPICON_NAME = AppIcon;
				ASSETCATALOG_COMPILER_GLOBAL_ACCENT_COLOR_NAME = AccentColor;
				CODE_SIGN_STYLE = Automatic;
				CURRENT_PROJECT_VERSION = 1;
				DEVELOPMENT_ASSET_PATHS = "\"war challenge/Preview Content\"";
				DEVELOPMENT_TEAM = TXR92GXAF7;
				ENABLE_PREVIEWS = YES;
				GENERATE_INFOPLIST_FILE = YES;
				INFOPLIST_KEY_UIApplicationSceneManifest_Generation = YES;
				INFOPLIST_KEY_UIApplicationSupportsIndirectInputEvents = YES;
				INFOPLIST_KEY_UILaunchScreen_Generation = YES;
				INFOPLIST_KEY_UISupportedInterfaceOrientations_iPad = "UIInterfaceOrientationPortrait UIInterfaceOrientationPortraitUpsideDown UIInterfaceOrientationLandscapeLeft UIInterfaceOrientationLandscapeRight";
				INFOPLIST_KEY_UISupportedInterfaceOrientations_iPhone = "UIInterfaceOrientationPortrait UIInterfaceOrientationLandscapeLeft UIInterfaceOrientationLandscapeRight";
				LD_RUNPATH_SEARCH_PATHS = (
					"$(inherited)",
					"@executable_path/Frameworks",
				);
				MARKETING_VERSION = 1.0;
				PRODUCT_BUNDLE_IDENTIFIER = "dev.war-challenge";
				PRODUCT_NAME = "$(TARGET_NAME)";
				SWIFT_EMIT_LOC_STRINGS = YES;
				SWIFT_VERSION = 5.0;
				TARGETED_DEVICE_FAMILY = "1,2";
			};
			name = Debug;
		};
		EB413BB82AF473A5005AB97C /* Release */ = {
			isa = XCBuildConfiguration;
			buildSettings = {
				ASSETCATALOG_COMPILER_APPICON_NAME = AppIcon;
				ASSETCATALOG_COMPILER_GLOBAL_ACCENT_COLOR_NAME = AccentColor;
				CODE_SIGN_STYLE = Automatic;
				CURRENT_PROJECT_VERSION = 1;
				DEVELOPMENT_ASSET_PATHS = "\"war challenge/Preview Content\"";
				DEVELOPMENT_TEAM = TXR92GXAF7;
				ENABLE_PREVIEWS = YES;
				GENERATE_INFOPLIST_FILE = YES;
				INFOPLIST_KEY_UIApplicationSceneManifest_Generation = YES;
				INFOPLIST_KEY_UIApplicationSupportsIndirectInputEvents = YES;
				INFOPLIST_KEY_UILaunchScreen_Generation = YES;
				INFOPLIST_KEY_UISupportedInterfaceOrientations_iPad = "UIInterfaceOrientationPortrait UIInterfaceOrientationPortraitUpsideDown UIInterfaceOrientationLandscapeLeft UIInterfaceOrientationLandscapeRight";
				INFOPLIST_KEY_UISupportedInterfaceOrientations_iPhone = "UIInterfaceOrientationPortrait UIInterfaceOrientationLandscapeLeft UIInterfaceOrientationLandscapeRight";
				LD_RUNPATH_SEARCH_PATHS = (
					"$(inherited)",
					"@executable_path/Frameworks",
				);
				MARKETING_VERSION = 1.0;
				PRODUCT_BUNDLE_IDENTIFIER = "dev.war-challenge";
				PRODUCT_NAME = "$(TARGET_NAME)";
				SWIFT_EMIT_LOC_STRINGS = YES;
				SWIFT_VERSION = 5.0;
				TARGETED_DEVICE_FAMILY = "1,2";
			};
			name = Release;
		};
		EB413BBA2AF473A5005AB97C /* Debug */ = {
			isa = XCBuildConfiguration;
			buildSettings = {
				ALWAYS_EMBED_SWIFT_STANDARD_LIBRARIES = YES;
				BUNDLE_LOADER = "$(TEST_HOST)";
				CODE_SIGN_STYLE = Automatic;
				CURRENT_PROJECT_VERSION = 1;
				DEVELOPMENT_TEAM = TXR92GXAF7;
				GENERATE_INFOPLIST_FILE = YES;
				IPHONEOS_DEPLOYMENT_TARGET = 16.2;
				MARKETING_VERSION = 1.0;
				PRODUCT_BUNDLE_IDENTIFIER = "dev.war-challengeTests";
				PRODUCT_NAME = "$(TARGET_NAME)";
				SWIFT_EMIT_LOC_STRINGS = NO;
				SWIFT_VERSION = 5.0;
				TARGETED_DEVICE_FAMILY = "1,2";
				TEST_HOST = "$(BUILT_PRODUCTS_DIR)/war challenge.app/$(BUNDLE_EXECUTABLE_FOLDER_PATH)/war challenge";
			};
			name = Debug;
		};
		EB413BBB2AF473A5005AB97C /* Release */ = {
			isa = XCBuildConfiguration;
			buildSettings = {
				ALWAYS_EMBED_SWIFT_STANDARD_LIBRARIES = YES;
				BUNDLE_LOADER = "$(TEST_HOST)";
				CODE_SIGN_STYLE = Automatic;
				CURRENT_PROJECT_VERSION = 1;
				DEVELOPMENT_TEAM = TXR92GXAF7;
				GENERATE_INFOPLIST_FILE = YES;
				IPHONEOS_DEPLOYMENT_TARGET = 16.2;
				MARKETING_VERSION = 1.0;
				PRODUCT_BUNDLE_IDENTIFIER = "dev.war-challengeTests";
				PRODUCT_NAME = "$(TARGET_NAME)";
				SWIFT_EMIT_LOC_STRINGS = NO;
				SWIFT_VERSION = 5.0;
				TARGETED_DEVICE_FAMILY = "1,2";
				TEST_HOST = "$(BUILT_PRODUCTS_DIR)/war challenge.app/$(BUNDLE_EXECUTABLE_FOLDER_PATH)/war challenge";
			};
			name = Release;
		};
		EB413BBD2AF473A5005AB97C /* Debug */ = {
			isa = XCBuildConfiguration;
			buildSettings = {
				ALWAYS_EMBED_SWIFT_STANDARD_LIBRARIES = YES;
				CODE_SIGN_STYLE = Automatic;
				CURRENT_PROJECT_VERSION = 1;
				DEVELOPMENT_TEAM = TXR92GXAF7;
				GENERATE_INFOPLIST_FILE = YES;
				MARKETING_VERSION = 1.0;
				PRODUCT_BUNDLE_IDENTIFIER = "dev.war-challengeUITests";
				PRODUCT_NAME = "$(TARGET_NAME)";
				SWIFT_EMIT_LOC_STRINGS = NO;
				SWIFT_VERSION = 5.0;
				TARGETED_DEVICE_FAMILY = "1,2";
				TEST_TARGET_NAME = "war challenge";
			};
			name = Debug;
		};
		EB413BBE2AF473A5005AB97C /* Release */ = {
			isa = XCBuildConfiguration;
			buildSettings = {
				ALWAYS_EMBED_SWIFT_STANDARD_LIBRARIES = YES;
				CODE_SIGN_STYLE = Automatic;
				CURRENT_PROJECT_VERSION = 1;
				DEVELOPMENT_TEAM = TXR92GXAF7;
				GENERATE_INFOPLIST_FILE = YES;
				MARKETING_VERSION = 1.0;
				PRODUCT_BUNDLE_IDENTIFIER = "dev.war-challengeUITests";
				PRODUCT_NAME = "$(TARGET_NAME)";
				SWIFT_EMIT_LOC_STRINGS = NO;
				SWIFT_VERSION = 5.0;
				TARGETED_DEVICE_FAMILY = "1,2";
				TEST_TARGET_NAME = "war challenge";
			};
			name = Release;
		};
/* End XCBuildConfiguration section */

/* Begin XCConfigurationList section */
		EB413B8D2AF473A3005AB97C /* Build configuration list for PBXProject "war challenge" */ = {
			isa = XCConfigurationList;
			buildConfigurations = (
				EB413BB42AF473A5005AB97C /* Debug */,
				EB413BB52AF473A5005AB97C /* Release */,
			);
			defaultConfigurationIsVisible = 0;
			defaultConfigurationName = Release;
		};
		EB413BB62AF473A5005AB97C /* Build configuration list for PBXNativeTarget "war challenge" */ = {
			isa = XCConfigurationList;
			buildConfigurations = (
				EB413BB72AF473A5005AB97C /* Debug */,
				EB413BB82AF473A5005AB97C /* Release */,
			);
			defaultConfigurationIsVisible = 0;
			defaultConfigurationName = Release;
		};
		EB413BB92AF473A5005AB97C /* Build configuration list for PBXNativeTarget "war challengeTests" */ = {
			isa = XCConfigurationList;
			buildConfigurations = (
				EB413BBA2AF473A5005AB97C /* Debug */,
				EB413BBB2AF473A5005AB97C /* Release */,
			);
			defaultConfigurationIsVisible = 0;
			defaultConfigurationName = Release;
		};
		EB413BBC2AF473A5005AB97C /* Build configuration list for PBXNativeTarget "war challengeUITests" */ = {
			isa = XCConfigurationList;
			buildConfigurations = (
				EB413BBD2AF473A5005AB97C /* Debug */,
				EB413BBE2AF473A5005AB97C /* Release */,
			);
			defaultConfigurationIsVisible = 0;
			defaultConfigurationName = Release;
		};
/* End XCConfigurationList section */
	};
	rootObject = EB413B8A2AF473A3005AB97C /* Project object */;
}
